
Microsoft Visual Studio Solution File, Format Version 12.00
# Visual Studio 14
VisualStudioVersion = 14.0.25420.1
MinimumVisualStudioVersion = 10.0.40219.1
Project("{8BC9CEB8-8B4A-11D0-8D11-00A0C91BC942}") = "QtStudy", "QtStudy.vcxproj", "{B12702AD-ABFB-343A-A199-8E24837244A3}"
EndProject
Project("{8BC9CEB8-8B4A-11D0-8D11-00A0C91BC942}") = "1.1 QCheckBox, QButtonGroup", "1.1 QCheckBox, QButtonGroup\1.1 QCheckBox, QButtonGroup.vcxproj", "{CD65CB73-5418-40BC-84C0-B43366BAAD06}"
EndProject
Project("{8BC9CEB8-8B4A-11D0-8D11-00A0C91BC942}") = "qt console", "qt console\qt console.vcxproj", "{22A9B618-8A2C-4A44-AE91-FC1815D9F570}"
EndProject
Project("{8BC9CEB8-8B4A-11D0-8D11-00A0C91BC942}") = "1.2 QComboBox, QCommandLInkButton", "1.2 QComboBox\1.2 QComboBox.vcxproj", "{58A91FE8-1239-4F63-B8AF-FD5B8CAA3BFD}"
EndProject
Project("{8BC9CEB8-8B4A-11D0-8D11-00A0C91BC942}") = "1.4 QDate, QDateEdit", "1.4 QDate, QDateEdit\1.4 QDate, QDateEdit.vcxproj", "{9ED37ED2-272B-4D0A-B288-FF150BB44AFC}"
EndProject
Project("{8BC9CEB8-8B4A-11D0-8D11-00A0C91BC942}") = "1.7 QDial", "1.7 QDial\1.7 QDial.vcxproj", "{5E705077-3655-4A4C-B773-2CAA1E430BC9}"
EndProject
Project("{8BC9CEB8-8B4A-11D0-8D11-00A0C91BC942}") = "1.9 QPushButton, QFocusFrame", "1.9 QPushButton, QFocusFrame\1.9 QPushButton, QFocusFrame.vcxproj", "{AA62F8D8-270B-4A06-B6C7-B39D2E2293A7}"
EndProject
Project("{8BC9CEB8-8B4A-11D0-8D11-00A0C91BC942}") = "1.10  QFontComboxBox", "1.10  QFontComboxBox\1.10  QFontComboxBox.vcxproj", "{A675BC1A-4F7B-4A3A-AFC5-EB7E905ED4DC}"
EndProject
Project("{8BC9CEB8-8B4A-11D0-8D11-00A0C91BC942}") = "1.12 QLineEdit", "1.12 QLineEdit\1.12 QLineEdit.vcxproj", "{807A4998-BE00-4072-ACC0-97A3E393A526}"
EndProject
Global
	GlobalSection(SolutionConfigurationPlatforms) = preSolution
		Debug|x86 = Debug|x86
		Release|x86 = Release|x86
	EndGlobalSection
	GlobalSection(ProjectConfigurationPlatforms) = postSolution
		{B12702AD-ABFB-343A-A199-8E24837244A3}.Debug|x86.ActiveCfg = Debug|Win32
		{B12702AD-ABFB-343A-A199-8E24837244A3}.Debug|x86.Build.0 = Debug|Win32
		{B12702AD-ABFB-343A-A199-8E24837244A3}.Release|x86.ActiveCfg = Release|Win32
		{B12702AD-ABFB-343A-A199-8E24837244A3}.Release|x86.Build.0 = Release|Win32
		{CD65CB73-5418-40BC-84C0-B43366BAAD06}.Debug|x86.ActiveCfg = Debug|Win32
		{CD65CB73-5418-40BC-84C0-B43366BAAD06}.Debug|x86.Build.0 = Debug|Win32
		{CD65CB73-5418-40BC-84C0-B43366BAAD06}.Release|x86.ActiveCfg = Release|Win32
		{CD65CB73-5418-40BC-84C0-B43366BAAD06}.Release|x86.Build.0 = Release|Win32
		{22A9B618-8A2C-4A44-AE91-FC1815D9F570}.Debug|x86.ActiveCfg = Debug|Win32
		{22A9B618-8A2C-4A44-AE91-FC1815D9F570}.Debug|x86.Build.0 = Debug|Win32
		{22A9B618-8A2C-4A44-AE91-FC1815D9F570}.Release|x86.ActiveCfg = Release|Win32
		{22A9B618-8A2C-4A44-AE91-FC1815D9F570}.Release|x86.Build.0 = Release|Win32
		{58A91FE8-1239-4F63-B8AF-FD5B8CAA3BFD}.Debug|x86.ActiveCfg = Debug|Win32
		{58A91FE8-1239-4F63-B8AF-FD5B8CAA3BFD}.Debug|x86.Build.0 = Debug|Win32
		{58A91FE8-1239-4F63-B8AF-FD5B8CAA3BFD}.Release|x86.ActiveCfg = Release|Win32
		{58A91FE8-1239-4F63-B8AF-FD5B8CAA3BFD}.Release|x86.Build.0 = Release|Win32
		{9ED37ED2-272B-4D0A-B288-FF150BB44AFC}.Debug|x86.ActiveCfg = Debug|Win32
		{9ED37ED2-272B-4D0A-B288-FF150BB44AFC}.Debug|x86.Build.0 = Debug|Win32
		{9ED37ED2-272B-4D0A-B288-FF150BB44AFC}.Release|x86.ActiveCfg = Release|Win32
		{9ED37ED2-272B-4D0A-B288-FF150BB44AFC}.Release|x86.Build.0 = Release|Win32
		{5E705077-3655-4A4C-B773-2CAA1E430BC9}.Debug|x86.ActiveCfg = Debug|Win32
		{5E705077-3655-4A4C-B773-2CAA1E430BC9}.Debug|x86.Build.0 = Debug|Win32
		{5E705077-3655-4A4C-B773-2CAA1E430BC9}.Release|x86.ActiveCfg = Release|Win32
		{5E705077-3655-4A4C-B773-2CAA1E430BC9}.Release|x86.Build.0 = Release|Win32
		{AA62F8D8-270B-4A06-B6C7-B39D2E2293A7}.Debug|x86.ActiveCfg = Debug|Win32
		{AA62F8D8-270B-4A06-B6C7-B39D2E2293A7}.Debug|x86.Build.0 = Debug|Win32
		{AA62F8D8-270B-4A06-B6C7-B39D2E2293A7}.Release|x86.ActiveCfg = Release|Win32
		{AA62F8D8-270B-4A06-B6C7-B39D2E2293A7}.Release|x86.Build.0 = Release|Win32
		{A675BC1A-4F7B-4A3A-AFC5-EB7E905ED4DC}.Debug|x86.ActiveCfg = Debug|Win32
		{A675BC1A-4F7B-4A3A-AFC5-EB7E905ED4DC}.Debug|x86.Build.0 = Debug|Win32
		{A675BC1A-4F7B-4A3A-AFC5-EB7E905ED4DC}.Release|x86.ActiveCfg = Release|Win32
		{A675BC1A-4F7B-4A3A-AFC5-EB7E905ED4DC}.Release|x86.Build.0 = Release|Win32
		{807A4998-BE00-4072-ACC0-97A3E393A526}.Debug|x86.ActiveCfg = Debug|Win32
		{807A4998-BE00-4072-ACC0-97A3E393A526}.Debug|x86.Build.0 = Debug|Win32
		{807A4998-BE00-4072-ACC0-97A3E393A526}.Release|x86.ActiveCfg = Release|Win32
		{807A4998-BE00-4072-ACC0-97A3E393A526}.Release|x86.Build.0 = Release|Win32
	EndGlobalSection
	GlobalSection(SolutionProperties) = preSolution
		HideSolutionNode = FALSE
	EndGlobalSection
EndGlobal
